// !$*UTF8*$!
{
	archiveVersion = 1;
	classes = {
	};
	objectVersion = 50;
	objects = {

/* Begin PBXBuildFile section */
		FAF6971B24DBB2FE00ADF914 /* AppDelegate.swift in Sources */ = {isa = PBXBuildFile; fileRef = FAF6971A24DBB2FE00ADF914 /* AppDelegate.swift */; };
		FAF6971D24DBB2FE00ADF914 /* SceneDelegate.swift in Sources */ = {isa = PBXBuildFile; fileRef = FAF6971C24DBB2FE00ADF914 /* SceneDelegate.swift */; };
		FAF6972224DBB2FE00ADF914 /* Main.storyboard in Resources */ = {isa = PBXBuildFile; fileRef = FAF6972024DBB2FE00ADF914 /* Main.storyboard */; };
		FAF6972424DBB2FF00ADF914 /* Assets.xcassets in Resources */ = {isa = PBXBuildFile; fileRef = FAF6972324DBB2FF00ADF914 /* Assets.xcassets */; };
		FAF6972724DBB2FF00ADF914 /* LaunchScreen.storyboard in Resources */ = {isa = PBXBuildFile; fileRef = FAF6972524DBB2FF00ADF914 /* LaunchScreen.storyboard */; };
		FAF6973724DBB3E200ADF914 /* Photo.swift in Sources */ = {isa = PBXBuildFile; fileRef = FAF6973624DBB3E200ADF914 /* Photo.swift */; };
		FAF6973924DBB3FD00ADF914 /* PhotoListTableViewController.swift in Sources */ = {isa = PBXBuildFile; fileRef = FAF6973824DBB3FD00ADF914 /* PhotoListTableViewController.swift */; };
		FAF6973B24DBB40900ADF914 /* PhotoController.swift in Sources */ = {isa = PBXBuildFile; fileRef = FAF6973A24DBB40900ADF914 /* PhotoController.swift */; };
		FAF6973D24DBB41E00ADF914 /* PhotoTableViewCell.swift in Sources */ = {isa = PBXBuildFile; fileRef = FAF6973C24DBB41E00ADF914 /* PhotoTableViewCell.swift */; };
		FAF6973F24DBB43B00ADF914 /* PhotoDetailViewController.swift in Sources */ = {isa = PBXBuildFile; fileRef = FAF6973E24DBB43B00ADF914 /* PhotoDetailViewController.swift */; };
		FAF6974124DBC61000ADF914 /* FetchError.swift in Sources */ = {isa = PBXBuildFile; fileRef = FAF6974024DBC61000ADF914 /* FetchError.swift */; };
/* End PBXBuildFile section */

/* Begin PBXFileReference section */
		FAF6971724DBB2FE00ADF914 /* UnsplashSearch35.app */ = {isa = PBXFileReference; explicitFileType = wrapper.application; includeInIndex = 0; path = UnsplashSearch35.app; sourceTree = BUILT_PRODUCTS_DIR; };
		FAF6971A24DBB2FE00ADF914 /* AppDelegate.swift */ = {isa = PBXFileReference; lastKnownFileType = sourcecode.swift; path = AppDelegate.swift; sourceTree = "<group>"; };
		FAF6971C24DBB2FE00ADF914 /* SceneDelegate.swift */ = {isa = PBXFileReference; lastKnownFileType = sourcecode.swift; path = SceneDelegate.swift; sourceTree = "<group>"; };
		FAF6972124DBB2FE00ADF914 /* Base */ = {isa = PBXFileReference; lastKnownFileType = file.storyboard; name = Base; path = Base.lproj/Main.storyboard; sourceTree = "<group>"; };
		FAF6972324DBB2FF00ADF914 /* Assets.xcassets */ = {isa = PBXFileReference; lastKnownFileType = folder.assetcatalog; path = Assets.xcassets; sourceTree = "<group>"; };
		FAF6972624DBB2FF00ADF914 /* Base */ = {isa = PBXFileReference; lastKnownFileType = file.storyboard; name = Base; path = Base.lproj/LaunchScreen.storyboard; sourceTree = "<group>"; };
		FAF6972824DBB2FF00ADF914 /* Info.plist */ = {isa = PBXFileReference; lastKnownFileType = text.plist.xml; path = Info.plist; sourceTree = "<group>"; };
		FAF6973624DBB3E200ADF914 /* Photo.swift */ = {isa = PBXFileReference; lastKnownFileType = sourcecode.swift; path = Photo.swift; sourceTree = "<group>"; };
		FAF6973824DBB3FD00ADF914 /* PhotoListTableViewController.swift */ = {isa = PBXFileReference; lastKnownFileType = sourcecode.swift; path = PhotoListTableViewController.swift; sourceTree = "<group>"; };
		FAF6973A24DBB40900ADF914 /* PhotoController.swift */ = {isa = PBXFileReference; lastKnownFileType = sourcecode.swift; path = PhotoController.swift; sourceTree = "<group>"; };
		FAF6973C24DBB41E00ADF914 /* PhotoTableViewCell.swift */ = {isa = PBXFileReference; lastKnownFileType = sourcecode.swift; path = PhotoTableViewCell.swift; sourceTree = "<group>"; };
		FAF6973E24DBB43B00ADF914 /* PhotoDetailViewController.swift */ = {isa = PBXFileReference; lastKnownFileType = sourcecode.swift; path = PhotoDetailViewController.swift; sourceTree = "<group>"; };
		FAF6974024DBC61000ADF914 /* FetchError.swift */ = {isa = PBXFileReference; lastKnownFileType = sourcecode.swift; path = FetchError.swift; sourceTree = "<group>"; };
/* End PBXFileReference section */

/* Begin PBXFrameworksBuildPhase section */
		FAF6971424DBB2FE00ADF914 /* Frameworks */ = {
			isa = PBXFrameworksBuildPhase;
			buildActionMask = 2147483647;
			files = (
			);
			runOnlyForDeploymentPostprocessing = 0;
		};
/* End PBXFrameworksBuildPhase section */

/* Begin PBXGroup section */
		FAF6970E24DBB2FE00ADF914 = {
			isa = PBXGroup;
			children = (
				FAF6971924DBB2FE00ADF914 /* UnsplashSearch35 */,
				FAF6971824DBB2FE00ADF914 /* Products */,
			);
			sourceTree = "<group>";
		};
		FAF6971824DBB2FE00ADF914 /* Products */ = {
			isa = PBXGroup;
			children = (
				FAF6971724DBB2FE00ADF914 /* UnsplashSearch35.app */,
			);
			name = Products;
			sourceTree = "<group>";
		};
		FAF6971924DBB2FE00ADF914 /* UnsplashSearch35 */ = {
			isa = PBXGroup;
			children = (
				FAF6973324DBB36400ADF914 /* Helpers */,
				FAF6973224DBB35E00ADF914 /* Views */,
				FAF6973124DBB35800ADF914 /* Controllers */,
				FAF6973024DBB35100ADF914 /* Models */,
				FAF6972E24DBB33500ADF914 /* Resources */,
				FAF6972F24DBB34900ADF914 /* Storyboards */,
			);
			path = UnsplashSearch35;
			sourceTree = "<group>";
		};
		FAF6972E24DBB33500ADF914 /* Resources */ = {
			isa = PBXGroup;
			children = (
				FAF6971A24DBB2FE00ADF914 /* AppDelegate.swift */,
				FAF6971C24DBB2FE00ADF914 /* SceneDelegate.swift */,
				FAF6972324DBB2FF00ADF914 /* Assets.xcassets */,
				FAF6972824DBB2FF00ADF914 /* Info.plist */,
			);
			path = Resources;
			sourceTree = "<group>";
		};
		FAF6972F24DBB34900ADF914 /* Storyboards */ = {
			isa = PBXGroup;
			children = (
				FAF6972024DBB2FE00ADF914 /* Main.storyboard */,
				FAF6972524DBB2FF00ADF914 /* LaunchScreen.storyboard */,
			);
			path = Storyboards;
			sourceTree = "<group>";
		};
		FAF6973024DBB35100ADF914 /* Models */ = {
			isa = PBXGroup;
			children = (
				FAF6973624DBB3E200ADF914 /* Photo.swift */,
			);
			path = Models;
			sourceTree = "<group>";
		};
		FAF6973124DBB35800ADF914 /* Controllers */ = {
			isa = PBXGroup;
			children = (
				FAF6973524DBB37B00ADF914 /* Model Controllers */,
				FAF6973424DBB37100ADF914 /* View Controllers */,
			);
			path = Controllers;
			sourceTree = "<group>";
		};
		FAF6973224DBB35E00ADF914 /* Views */ = {
			isa = PBXGroup;
			children = (
				FAF6973C24DBB41E00ADF914 /* PhotoTableViewCell.swift */,
			);
			path = Views;
			sourceTree = "<group>";
		};
		FAF6973324DBB36400ADF914 /* Helpers */ = {
			isa = PBXGroup;
			children = (
				FAF6974024DBC61000ADF914 /* FetchError.swift */,
			);
			path = Helpers;
			sourceTree = "<group>";
		};
		FAF6973424DBB37100ADF914 /* View Controllers */ = {
			isa = PBXGroup;
			children = (
				FAF6973824DBB3FD00ADF914 /* PhotoListTableViewController.swift */,
				FAF6973E24DBB43B00ADF914 /* PhotoDetailViewController.swift */,
			);
			path = "View Controllers";
			sourceTree = "<group>";
		};
		FAF6973524DBB37B00ADF914 /* Model Controllers */ = {
			isa = PBXGroup;
			children = (
				FAF6973A24DBB40900ADF914 /* PhotoController.swift */,
			);
			path = "Model Controllers";
			sourceTree = "<group>";
		};
/* End PBXGroup section */

/* Begin PBXNativeTarget section */
		FAF6971624DBB2FE00ADF914 /* UnsplashSearch35 */ = {
			isa = PBXNativeTarget;
			buildConfigurationList = FAF6972B24DBB2FF00ADF914 /* Build configuration list for PBXNativeTarget "UnsplashSearch35" */;
			buildPhases = (
				FAF6971324DBB2FE00ADF914 /* Sources */,
				FAF6971424DBB2FE00ADF914 /* Frameworks */,
				FAF6971524DBB2FE00ADF914 /* Resources */,
			);
			buildRules = (
			);
			dependencies = (
			);
			name = UnsplashSearch35;
			productName = UnsplashSearch35;
			productReference = FAF6971724DBB2FE00ADF914 /* UnsplashSearch35.app */;
			productType = "com.apple.product-type.application";
		};
/* End PBXNativeTarget section */

/* Begin PBXProject section */
		FAF6970F24DBB2FE00ADF914 /* Project object */ = {
			isa = PBXProject;
			attributes = {
				LastSwiftUpdateCheck = 1160;
				LastUpgradeCheck = 1160;
				ORGANIZATIONNAME = "Alex Lundquist";
				TargetAttributes = {
					FAF6971624DBB2FE00ADF914 = {
						CreatedOnToolsVersion = 11.6;
					};
				};
			};
			buildConfigurationList = FAF6971224DBB2FE00ADF914 /* Build configuration list for PBXProject "UnsplashSearch35" */;
			compatibilityVersion = "Xcode 9.3";
			developmentRegion = en;
			hasScannedForEncodings = 0;
			knownRegions = (
				en,
				Base,
			);
			mainGroup = FAF6970E24DBB2FE00ADF914;
			productRefGroup = FAF6971824DBB2FE00ADF914 /* Products */;
			projectDirPath = "";
			projectRoot = "";
			targets = (
				FAF6971624DBB2FE00ADF914 /* UnsplashSearch35 */,
			);
		};
/* End PBXProject section */

/* Begin PBXResourcesBuildPhase section */
		FAF6971524DBB2FE00ADF914 /* Resources */ = {
			isa = PBXResourcesBuildPhase;
			buildActionMask = 2147483647;
			files = (
				FAF6972724DBB2FF00ADF914 /* LaunchScreen.storyboard in Resources */,
				FAF6972424DBB2FF00ADF914 /* Assets.xcassets in Resources */,
				FAF6972224DBB2FE00ADF914 /* Main.storyboard in Resources */,
			);
			runOnlyForDeploymentPostprocessing = 0;
		};
/* End PBXResourcesBuildPhase section */

/* Begin PBXSourcesBuildPhase section */
		FAF6971324DBB2FE00ADF914 /* Sources */ = {
			isa = PBXSourcesBuildPhase;
			buildActionMask = 2147483647;
			files = (
				FAF6973B24DBB40900ADF914 /* PhotoController.swift in Sources */,
				FAF6973724DBB3E200ADF914 /* Photo.swift in Sources */,
				FAF6973D24DBB41E00ADF914 /* PhotoTableViewCell.swift in Sources */,
				FAF6973F24DBB43B00ADF914 /* PhotoDetailViewController.swift in Sources */,
				FAF6971B24DBB2FE00ADF914 /* AppDelegate.swift in Sources */,
				FAF6973924DBB3FD00ADF914 /* PhotoListTableViewController.swift in Sources */,
				FAF6971D24DBB2FE00ADF914 /* SceneDelegate.swift in Sources */,
				FAF6974124DBC61000ADF914 /* FetchError.swift in Sources */,
			);
			runOnlyForDeploymentPostprocessing = 0;
		};
/* End PBXSourcesBuildPhase section */

/* Begin PBXVariantGroup section */
		FAF6972024DBB2FE00ADF914 /* Main.storyboard */ = {
			isa = PBXVariantGroup;
			children = (
				FAF6972124DBB2FE00ADF914 /* Base */,
			);
			name = Main.storyboard;
			sourceTree = "<group>";
		};
		FAF6972524DBB2FF00ADF914 /* LaunchScreen.storyboard */ = {
			isa = PBXVariantGroup;
			children = (
				FAF6972624DBB2FF00ADF914 /* Base */,
			);
			name = LaunchScreen.storyboard;
			sourceTree = "<group>";
		};
/* End PBXVariantGroup section */

/* Begin XCBuildConfiguration section */
		FAF6972924DBB2FF00ADF914 /* Debug */ = {
			isa = XCBuildConfiguration;
			buildSettings = {
				ALWAYS_SEARCH_USER_PATHS = NO;
				CLANG_ANALYZER_NONNULL = YES;
				CLANG_ANALYZER_NUMBER_OBJECT_CONVERSION = YES_AGGRESSIVE;
				CLANG_CXX_LANGUAGE_STANDARD = "gnu++14";
				CLANG_CXX_LIBRARY = "libc++";
				CLANG_ENABLE_MODULES = YES;
				CLANG_ENABLE_OBJC_ARC = YES;
				CLANG_ENABLE_OBJC_WEAK = YES;
				CLANG_WARN_BLOCK_CAPTURE_AUTORELEASING = YES;
				CLANG_WARN_BOOL_CONVERSION = YES;
				CLANG_WARN_COMMA = YES;
				CLANG_WARN_CONSTANT_CONVERSION = YES;
				CLANG_WARN_DEPRECATED_OBJC_IMPLEMENTATIONS = YES;
				CLANG_WARN_DIRECT_OBJC_ISA_USAGE = YES_ERROR;
				CLANG_WARN_DOCUMENTATION_COMMENTS = YES;
				CLANG_WARN_EMPTY_BODY = YES;
				CLANG_WARN_ENUM_CONVERSION = YES;
				CLANG_WARN_INFINITE_RECURSION = YES;
				CLANG_WARN_INT_CONVERSION = YES;
				CLANG_WARN_NON_LITERAL_NULL_CONVERSION = YES;
				CLANG_WARN_OBJC_IMPLICIT_RETAIN_SELF = YES;
				CLANG_WARN_OBJC_LITERAL_CONVERSION = YES;
				CLANG_WARN_OBJC_ROOT_CLASS = YES_ERROR;
				CLANG_WARN_RANGE_LOOP_ANALYSIS = YES;
				CLANG_WARN_STRICT_PROTOTYPES = YES;
				CLANG_WARN_SUSPICIOUS_MOVE = YES;
				CLANG_WARN_UNGUARDED_AVAILABILITY = YES_AGGRESSIVE;
				CLANG_WARN_UNREACHABLE_CODE = YES;
				CLANG_WARN__DUPLICATE_METHOD_MATCH = YES;
				COPY_PHASE_STRIP = NO;
				DEBUG_INFORMATION_FORMAT = dwarf;
				ENABLE_STRICT_OBJC_MSGSEND = YES;
				ENABLE_TESTABILITY = YES;
				GCC_C_LANGUAGE_STANDARD = gnu11;
				GCC_DYNAMIC_NO_PIC = NO;
				GCC_NO_COMMON_BLOCKS = YES;
				GCC_OPTIMIZATION_LEVEL = 0;
				GCC_PREPROCESSOR_DEFINITIONS = (
					"DEBUG=1",
					"$(inherited)",
				);
				GCC_WARN_64_TO_32_BIT_CONVERSION = YES;
				GCC_WARN_ABOUT_RETURN_TYPE = YES_ERROR;
				GCC_WARN_UNDECLARED_SELECTOR = YES;
				GCC_WARN_UNINITIALIZED_AUTOS = YES_AGGRESSIVE;
				GCC_WARN_UNUSED_FUNCTION = YES;
				GCC_WARN_UNUSED_VARIABLE = YES;
				IPHONEOS_DEPLOYMENT_TARGET = 13.6;
				MTL_ENABLE_DEBUG_INFO = INCLUDE_SOURCE;
				MTL_FAST_MATH = YES;
				ONLY_ACTIVE_ARCH = YES;
				SDKROOT = iphoneos;
				SWIFT_ACTIVE_COMPILATION_CONDITIONS = DEBUG;
				SWIFT_OPTIMIZATION_LEVEL = "-Onone";
			};
			name = Debug;
		};
		FAF6972A24DBB2FF00ADF914 /* Release */ = {
			isa = XCBuildConfiguration;
			buildSettings = {
				ALWAYS_SEARCH_USER_PATHS = NO;
				CLANG_ANALYZER_NONNULL = YES;
				CLANG_ANALYZER_NUMBER_OBJECT_CONVERSION = YES_AGGRESSIVE;
				CLANG_CXX_LANGUAGE_STANDARD = "gnu++14";
				CLANG_CXX_LIBRARY = "libc++";
				CLANG_ENABLE_MODULES = YES;
				CLANG_ENABLE_OBJC_ARC = YES;
				CLANG_ENABLE_OBJC_WEAK = YES;
				CLANG_WARN_BLOCK_CAPTURE_AUTORELEASING = YES;
				CLANG_WARN_BOOL_CONVERSION = YES;
				CLANG_WARN_COMMA = YES;
				CLANG_WARN_CONSTANT_CONVERSION = YES;
				CLANG_WARN_DEPRECATED_OBJC_IMPLEMENTATIONS = YES;
				CLANG_WARN_DIRECT_OBJC_ISA_USAGE = YES_ERROR;
				CLANG_WARN_DOCUMENTATION_COMMENTS = YES;
				CLANG_WARN_EMPTY_BODY = YES;
				CLANG_WARN_ENUM_CONVERSION = YES;
				CLANG_WARN_INFINITE_RECURSION = YES;
				CLANG_WARN_INT_CONVERSION = YES;
				CLANG_WARN_NON_LITERAL_NULL_CONVERSION = YES;
				CLANG_WARN_OBJC_IMPLICIT_RETAIN_SELF = YES;
				CLANG_WARN_OBJC_LITERAL_CONVERSION = YES;
				CLANG_WARN_OBJC_ROOT_CLASS = YES_ERROR;
				CLANG_WARN_RANGE_LOOP_ANALYSIS = YES;
				CLANG_WARN_STRICT_PROTOTYPES = YES;
				CLANG_WARN_SUSPICIOUS_MOVE = YES;
				CLANG_WARN_UNGUARDED_AVAILABILITY = YES_AGGRESSIVE;
				CLANG_WARN_UNREACHABLE_CODE = YES;
				CLANG_WARN__DUPLICATE_METHOD_MATCH = YES;
				COPY_PHASE_STRIP = NO;
				DEBUG_INFORMATION_FORMAT = "dwarf-with-dsym";
				ENABLE_NS_ASSERTIONS = NO;
				ENABLE_STRICT_OBJC_MSGSEND = YES;
				GCC_C_LANGUAGE_STANDARD = gnu11;
				GCC_NO_COMMON_BLOCKS = YES;
				GCC_WARN_64_TO_32_BIT_CONVERSION = YES;
				GCC_WARN_ABOUT_RETURN_TYPE = YES_ERROR;
				GCC_WARN_UNDECLARED_SELECTOR = YES;
				GCC_WARN_UNINITIALIZED_AUTOS = YES_AGGRESSIVE;
				GCC_WARN_UNUSED_FUNCTION = YES;
				GCC_WARN_UNUSED_VARIABLE = YES;
				IPHONEOS_DEPLOYMENT_TARGET = 13.6;
				MTL_ENABLE_DEBUG_INFO = NO;
				MTL_FAST_MATH = YES;
				SDKROOT = iphoneos;
				SWIFT_COMPILATION_MODE = wholemodule;
				SWIFT_OPTIMIZATION_LEVEL = "-O";
				VALIDATE_PRODUCT = YES;
			};
			name = Release;
		};
		FAF6972C24DBB2FF00ADF914 /* Debug */ = {
			isa = XCBuildConfiguration;
			buildSettings = {
				ASSETCATALOG_COMPILER_APPICON_NAME = AppIcon;
				CODE_SIGN_STYLE = Automatic;
				DEVELOPMENT_TEAM = UUS58J95U8;
				INFOPLIST_FILE = UnsplashSearch35/Resources/Info.plist;
				LD_RUNPATH_SEARCH_PATHS = (
					"$(inherited)",
					"@executable_path/Frameworks",
				);
				PRODUCT_BUNDLE_IDENTIFIER = com.alexlundquist.UnsplashSearch35;
				PRODUCT_NAME = "$(TARGET_NAME)";
				SWIFT_VERSION = 5.0;
				TARGETED_DEVICE_FAMILY = "1,2";
			};
			name = Debug;
		};
		FAF6972D24DBB2FF00ADF914 /* Release */ = {
			isa = XCBuildConfiguration;
			buildSettings = {
				ASSETCATALOG_COMPILER_APPICON_NAME = AppIcon;
				CODE_SIGN_STYLE = Automatic;
				DEVELOPMENT_TEAM = UUS58J95U8;
				INFOPLIST_FILE = UnsplashSearch35/Resources/Info.plist;
				LD_RUNPATH_SEARCH_PATHS = (
					"$(inherited)",
					"@executable_path/Frameworks",
				);
				PRODUCT_BUNDLE_IDENTIFIER = com.alexlundquist.UnsplashSearch35;
				PRODUCT_NAME = "$(TARGET_NAME)";
				SWIFT_VERSION = 5.0;
				TARGETED_DEVICE_FAMILY = "1,2";
			};
			name = Release;
		};
/* End XCBuildConfiguration section */

/* Begin XCConfigurationList section */
		FAF6971224DBB2FE00ADF914 /* Build configuration list for PBXProject "UnsplashSearch35" */ = {
			isa = XCConfigurationList;
			buildConfigurations = (
				FAF6972924DBB2FF00ADF914 /* Debug */,
				FAF6972A24DBB2FF00ADF914 /* Release */,
			);
			defaultConfigurationIsVisible = 0;
			defaultConfigurationName = Release;
		};
		FAF6972B24DBB2FF00ADF914 /* Build configuration list for PBXNativeTarget "UnsplashSearch35" */ = {
			isa = XCConfigurationList;
			buildConfigurations = (
				FAF6972C24DBB2FF00ADF914 /* Debug */,
				FAF6972D24DBB2FF00ADF914 /* Release */,
			);
			defaultConfigurationIsVisible = 0;
			defaultConfigurationName = Release;
		};
/* End XCConfigurationList section */
	};
	rootObject = FAF6970F24DBB2FE00ADF914 /* Project object */;
}
